
Microsoft Visual Studio Solution File, Format Version 12.00
# Visual Studio 15
VisualStudioVersion = 15.0.28307.757
MinimumVisualStudioVersion = 10.0.40219.1
Project("{FAE04EC0-301F-11D3-BF4B-00C04F79EFBC}") = "CheckLinks", "CheckLinks\CheckLinks.csproj", "{F977A11E-467E-4C5E-9153-486B3A31DD44}"
EndProject
Global
	GlobalSection(SolutionConfigurationPlatforms) = preSolution
		Debug|Any CPU = Debug|Any CPU
		Release|Any CPU = Release|Any CPU
	EndGlobalSection
	GlobalSection(ProjectConfigurationPlatforms) = postSolution
		{F977A11E-467E-4C5E-9153-486B3A31DD44}.Debug|Any CPU.ActiveCfg = Debug|Any CPU
		{F977A11E-467E-4C5E-9153-486B3A31DD44}.Debug|Any CPU.Build.0 = Debug|Any CPU
		{F977A11E-467E-4C5E-9153-486B3A31DD44}.Release|Any CPU.ActiveCfg = Release|Any CPU
		{F977A11E-467E-4C5E-9153-486B3A31DD44}.Release|Any CPU.Build.0 = Release|Any CPU
	EndGlobalSection
	GlobalSection(SolutionProperties) = preSolution
		HideSolutionNode = FALSE
	EndGlobalSection
	GlobalSection(ExtensibilityGlobals) = postSolution
		SolutionGuid = {8BE3D3E8-1919-44CD-813A-6249536373B7}
	EndGlobalSection
EndGlobal
